
Microsoft Visual Studio Solution File, Format Version 12.00
# Visual Studio Version 16
VisualStudioVersion = 16.0.29009.5
MinimumVisualStudioVersion = 10.0.40219.1
Project("{9A19103F-16F7-4668-BE54-9A1E7A4F7556}") = "OpenResumeAPI", "OpenResumeAPI\OpenResumeAPI.csproj", "{F874B807-77B2-41DF-9941-A239846E7F11}"
EndProject
Project("{2150E333-8FDC-42A3-9474-1A3956D46DE8}") = "Scripts", "Scripts", "{17A33C38-24E0-4FE7-8C58-2F84598148B4}"
	ProjectSection(SolutionItems) = preProject
		CreateScript_MSSQL.sql = CreateScript_MSSQL.sql
	EndProjectSection
EndProject
Global
	GlobalSection(SolutionConfigurationPlatforms) = preSolution
		Debug|Any CPU = Debug|Any CPU
		Release|Any CPU = Release|Any CPU
	EndGlobalSection
	GlobalSection(ProjectConfigurationPlatforms) = postSolution
		{F874B807-77B2-41DF-9941-A239846E7F11}.Debug|Any CPU.ActiveCfg = Debug|Any CPU
		{F874B807-77B2-41DF-9941-A239846E7F11}.Debug|Any CPU.Build.0 = Debug|Any CPU
		{F874B807-77B2-41DF-9941-A239846E7F11}.Release|Any CPU.ActiveCfg = Release|Any CPU
		{F874B807-77B2-41DF-9941-A239846E7F11}.Release|Any CPU.Build.0 = Release|Any CPU
	EndGlobalSection
	GlobalSection(SolutionProperties) = preSolution
		HideSolutionNode = FALSE
	EndGlobalSection
	GlobalSection(ExtensibilityGlobals) = postSolution
		SolutionGuid = {ABE82103-43AB-493F-85FD-06CD7938AA8A}
	EndGlobalSection
EndGlobal
